
Microsoft Visual Studio Solution File, Format Version 12.00
# Visual Studio Express 2012 for Windows Desktop
Project("{FAE04EC0-301F-11D3-BF4B-00C04F79EFBC}") = "Bowlinggame", "Bowlinggame\Bowlinggame.csproj", "{544D8E59-8A30-4400-BEF4-18EBFB62F5AF}"
EndProject
Project("{FAE04EC0-301F-11D3-BF4B-00C04F79EFBC}") = "Bowlinggame.Test", "Bowlinggame.Test\Bowlinggame.Test.csproj", "{234766EC-3AF4-4969-9448-1BAA1BA98CF4}"
EndProject
Project("{2150E333-8FDC-42A3-9474-1A3956D46DE8}") = ".nuget", ".nuget", "{CC6E8522-8025-4281-A57B-433600B8C295}"
	ProjectSection(SolutionItems) = preProject
		.nuget\packages.config = .nuget\packages.config
	EndProjectSection
EndProject
Global
	GlobalSection(SolutionConfigurationPlatforms) = preSolution
		Debug|Any CPU = Debug|Any CPU
		Release|Any CPU = Release|Any CPU
	EndGlobalSection
	GlobalSection(ProjectConfigurationPlatforms) = postSolution
		{544D8E59-8A30-4400-BEF4-18EBFB62F5AF}.Debug|Any CPU.ActiveCfg = Debug|Any CPU
		{544D8E59-8A30-4400-BEF4-18EBFB62F5AF}.Debug|Any CPU.Build.0 = Debug|Any CPU
		{544D8E59-8A30-4400-BEF4-18EBFB62F5AF}.Release|Any CPU.ActiveCfg = Release|Any CPU
		{544D8E59-8A30-4400-BEF4-18EBFB62F5AF}.Release|Any CPU.Build.0 = Release|Any CPU
		{234766EC-3AF4-4969-9448-1BAA1BA98CF4}.Debug|Any CPU.ActiveCfg = Debug|Any CPU
		{234766EC-3AF4-4969-9448-1BAA1BA98CF4}.Debug|Any CPU.Build.0 = Debug|Any CPU
		{234766EC-3AF4-4969-9448-1BAA1BA98CF4}.Release|Any CPU.ActiveCfg = Release|Any CPU
		{234766EC-3AF4-4969-9448-1BAA1BA98CF4}.Release|Any CPU.Build.0 = Release|Any CPU
	EndGlobalSection
	GlobalSection(SolutionProperties) = preSolution
		HideSolutionNode = FALSE
	EndGlobalSection
EndGlobal
